
Microsoft Visual Studio Solution File, Format Version 12.00
# Visual Studio 15
Project("{FAE04EC0-301F-11D3-BF4B-00C04F79EFBC}") = "Assembly-CSharp", "Assembly-CSharp.csproj", "{45DC25B6-DB72-F9C7-3DF2-01B605EA3841}"
EndProject
Project("{FAE04EC0-301F-11D3-BF4B-00C04F79EFBC}") = "Assembly-CSharp-Editor", "Assembly-CSharp-Editor.csproj", "{BC628D11-1235-7AA3-06CB-D2CE3582B3B5}"
EndProject
Global
	GlobalSection(SolutionConfigurationPlatforms) = preSolution
		Debug|Any CPU = Debug|Any CPU
		Release|Any CPU = Release|Any CPU
	EndGlobalSection
	GlobalSection(ProjectConfigurationPlatforms) = postSolution
		{45DC25B6-DB72-F9C7-3DF2-01B605EA3841}.Debug|Any CPU.ActiveCfg = Debug|Any CPU
		{45DC25B6-DB72-F9C7-3DF2-01B605EA3841}.Debug|Any CPU.Build.0 = Debug|Any CPU
		{45DC25B6-DB72-F9C7-3DF2-01B605EA3841}.Release|Any CPU.ActiveCfg = Release|Any CPU
		{45DC25B6-DB72-F9C7-3DF2-01B605EA3841}.Release|Any CPU.Build.0 = Release|Any CPU
		{BC628D11-1235-7AA3-06CB-D2CE3582B3B5}.Debug|Any CPU.ActiveCfg = Debug|Any CPU
		{BC628D11-1235-7AA3-06CB-D2CE3582B3B5}.Debug|Any CPU.Build.0 = Debug|Any CPU
		{BC628D11-1235-7AA3-06CB-D2CE3582B3B5}.Release|Any CPU.ActiveCfg = Release|Any CPU
		{BC628D11-1235-7AA3-06CB-D2CE3582B3B5}.Release|Any CPU.Build.0 = Release|Any CPU
	EndGlobalSection
	GlobalSection(SolutionProperties) = preSolution
		HideSolutionNode = FALSE
	EndGlobalSection
EndGlobal
